
Microsoft Visual Studio Solution File, Format Version 12.00
# Visual Studio Version 16
VisualStudioVersion = 16.0.29102.190
MinimumVisualStudioVersion = 10.0.40219.1
Project("{FAE04EC0-301F-11D3-BF4B-00C04F79EFBC}") = "NileInc", "NileInc\NileInc.csproj", "{AFB9B21B-0938-48BE-85CB-5D91A941710B}"
EndProject
Global
	GlobalSection(SolutionConfigurationPlatforms) = preSolution
		Debug|Any CPU = Debug|Any CPU
		Release|Any CPU = Release|Any CPU
	EndGlobalSection
	GlobalSection(ProjectConfigurationPlatforms) = postSolution
		{AFB9B21B-0938-48BE-85CB-5D91A941710B}.Debug|Any CPU.ActiveCfg = Debug|Any CPU
		{AFB9B21B-0938-48BE-85CB-5D91A941710B}.Debug|Any CPU.Build.0 = Debug|Any CPU
		{AFB9B21B-0938-48BE-85CB-5D91A941710B}.Release|Any CPU.ActiveCfg = Release|Any CPU
		{AFB9B21B-0938-48BE-85CB-5D91A941710B}.Release|Any CPU.Build.0 = Release|Any CPU
	EndGlobalSection
	GlobalSection(SolutionProperties) = preSolution
		HideSolutionNode = FALSE
	EndGlobalSection
	GlobalSection(ExtensibilityGlobals) = postSolution
		SolutionGuid = {C79BD26E-504B-4C76-8C78-FE480759268A}
	EndGlobalSection
EndGlobal
